
Microsoft Visual Studio Solution File, Format Version 12.00
# Visual Studio Version 16
VisualStudioVersion = 16.0.30225.117
MinimumVisualStudioVersion = 10.0.40219.1
Project("{FAE04EC0-301F-11D3-BF4B-00C04F79EFBC}") = "WebApplication1", "WebApplication1\WebApplication1.csproj", "{9BEB1821-AF4E-4D1B-8974-EB5D1A0F2D27}"
EndProject
Global
	GlobalSection(SolutionConfigurationPlatforms) = preSolution
		Debug|Any CPU = Debug|Any CPU
		Release|Any CPU = Release|Any CPU
	EndGlobalSection
	GlobalSection(ProjectConfigurationPlatforms) = postSolution
		{9BEB1821-AF4E-4D1B-8974-EB5D1A0F2D27}.Debug|Any CPU.ActiveCfg = Debug|Any CPU
		{9BEB1821-AF4E-4D1B-8974-EB5D1A0F2D27}.Debug|Any CPU.Build.0 = Debug|Any CPU
		{9BEB1821-AF4E-4D1B-8974-EB5D1A0F2D27}.Release|Any CPU.ActiveCfg = Release|Any CPU
		{9BEB1821-AF4E-4D1B-8974-EB5D1A0F2D27}.Release|Any CPU.Build.0 = Release|Any CPU
	EndGlobalSection
	GlobalSection(SolutionProperties) = preSolution
		HideSolutionNode = FALSE
	EndGlobalSection
	GlobalSection(ExtensibilityGlobals) = postSolution
		SolutionGuid = {7DE3D394-5227-45D5-95A7-85806CED3DD1}
	EndGlobalSection
EndGlobal
